
Microsoft Visual Studio Solution File, Format Version 12.00
# Visual Studio Version 16
VisualStudioVersion = 16.0.31829.152
MinimumVisualStudioVersion = 10.0.40219.1
Project("{FAE04EC0-301F-11D3-BF4B-00C04F79EFBC}") = "aspnetserver", "aspnetserver\aspnetserver.csproj", "{9A4141D1-AFD0-4750-9A8A-F8A6F3447642}"
EndProject
Global
	GlobalSection(SolutionConfigurationPlatforms) = preSolution
		Debug|Any CPU = Debug|Any CPU
		Release|Any CPU = Release|Any CPU
	EndGlobalSection
	GlobalSection(ProjectConfigurationPlatforms) = postSolution
		{9A4141D1-AFD0-4750-9A8A-F8A6F3447642}.Debug|Any CPU.ActiveCfg = Debug|Any CPU
		{9A4141D1-AFD0-4750-9A8A-F8A6F3447642}.Debug|Any CPU.Build.0 = Debug|Any CPU
		{9A4141D1-AFD0-4750-9A8A-F8A6F3447642}.Release|Any CPU.ActiveCfg = Release|Any CPU
		{9A4141D1-AFD0-4750-9A8A-F8A6F3447642}.Release|Any CPU.Build.0 = Release|Any CPU
	EndGlobalSection
	GlobalSection(SolutionProperties) = preSolution
		HideSolutionNode = FALSE
	EndGlobalSection
	GlobalSection(ExtensibilityGlobals) = postSolution
		SolutionGuid = {CACEA710-7F4A-4FE8-BD5B-DF13C54356E1}
	EndGlobalSection
EndGlobal
